version = 1
revision = 3
requires-python = ">=3.14"

[[package]]
name = "anyio"
version = "4.13.0"
source = { registry = "https://pypi.org/simple" }
dependencies = [
    { name = "idna" },
]
sdist = { url = "https://files.pythonhosted.org/packages/19/14/2c5dd9f512b66549ae92767a9c7b330ae88e1932ca57876909410251fe13/anyio-4.13.0.tar.gz", hash = "sha256:334b70e641fd2221c1505b3890c69882fe4a2df910cba14d97019b90b24439dc", size = 231622, upload-time = "2026-03-24T12:59:09.671Z" }
wheels = [
    { url = "https://files.pythonhosted.org/packages/da/42/e921fccf5015463e32a3cf6ee7f980a6ed0f395ceeaa45060b61d86486c2/anyio-4.13.0-py3-none-any.whl", hash = "sha256:08b310f9e24a9594186fd75b4f73f4a4152069e3853f1ed8bfbf58369f4ad708", size = 114353, upload-time = "2026-03-24T12:59:08.246Z" },
]

[[package]]
name = "certifi"
version = "2026.5.20"
source = { registry = "https://pypi.org/simple" }
sdist = { url = "https://files.pythonhosted.org/packages/f3/ce/ee2ecad540810a79593028e88299baeae54d346cc7a0d94b6199988b89b1/certifi-2026.5.20.tar.gz", hash = "sha256:69dea482ab64caa7b9f6aba1c6bf48bb6a5448d1c0f1b17ab42ad8c763a5344d", size = 135422, upload-time = "2026-05-20T11:46:50.073Z" }
wheels = [
    { url = "https://files.pythonhosted.org/packages/59/8c/57e832b7af6d7c5abe66eb3fbe3a3a32f4d11ea23a1aa7131371035be991/certifi-2026.5.20-py3-none-any.whl", hash = "sha256:3c52e209ba0a4ad7aebe60436a4ab349c39e1e602e8c134221e546902ad25897", size = 134134, upload-time = "2026-05-20T11:46:48.578Z" },
]

[[package]]
name = "deep-agents-client"
version = "0.1.0"
source = { virtual = "." }
dependencies = [
    { name = "dotenv" },
    { name = "langgraph-sdk" },
]

[package.metadata]
requires-dist = [
    { name = "dotenv", specifier = ">=0.9.9" },
    { name = "langgraph-sdk", specifier = ">=0.3.14" },
]

[[package]]
name = "dotenv"
version = "0.9.9"
source = { registry = "https://pypi.org/simple" }
dependencies = [
    { name = "python-dotenv" },
]
wheels = [
    { url = "https://files.pythonhosted.org/packages/b2/b7/545d2c10c1fc15e48653c91efde329a790f2eecfbbf2bd16003b5db2bab0/dotenv-0.9.9-py2.py3-none-any.whl", hash = "sha256:29cf74a087b31dafdb5a446b6d7e11cbce8ed2741540e2339c69fbef92c94ce9", size = 1892, upload-time = "2025-02-19T22:15:01.647Z" },
]

[[package]]
name = "h11"
version = "0.16.0"
source = { registry = "https://pypi.org/simple" }
sdist = { url = "https://files.pythonhosted.org/packages/01/ee/02a2c011bdab74c6fb3c75474d40b3052059d95df7e73351460c8588d963/h11-0.16.0.tar.gz", hash = "sha256:4e35b956cf45792e4caa5885e69fba00bdbc6ffafbfa020300e549b208ee5ff1", size = 101250, upload-time = "2025-04-24T03:35:25.427Z" }
wheels = [
    { url = "https://files.pythonhosted.org/packages/04/4b/29cac41a4d98d144bf5f6d33995617b185d14b22401f75ca86f384e87ff1/h11-0.16.0-py3-none-any.whl", hash = "sha256:63cf8bbe7522de3bf65932fda1d9c2772064ffb3dae62d55932da54b31cb6c86", size = 37515, upload-time = "2025-04-24T03:35:24.344Z" },
]

[[package]]
name = "httpcore"
version = "1.0.9"
source = { registry = "https://pypi.org/simple" }
dependencies = [
    { name = "certifi" },
    { name = "h11" },
]
sdist = { url = "https://files.pythonhosted.org/packages/06/94/82699a10bca87a5556c9c59b5963f2d039dbd239f25bc2a63907a05a14cb/httpcore-1.0.9.tar.gz", hash = "sha256:6e34463af53fd2ab5d807f399a9b45ea31c3dfa2276f15a2c3f00afff6e176e8", size = 85484, upload-time = "2025-04-24T22:06:22.219Z" }
wheels = [
    { url = "https://files.pythonhosted.org/packages/7e/f5/f66802a942d491edb555dd61e3a9961140fd64c90bce1eafd741609d334d/httpcore-1.0.9-py3-none-any.whl", hash = "sha256:2d400746a40668fc9dec9810239072b40b4484b640a8c38fd654a024c7a1bf55", size = 78784, upload-time = "2025-04-24T22:06:20.566Z" },
]

[[package]]
name = "httpx"
version = "0.28.1"
source = { registry = "https://pypi.org/simple" }
dependencies = [
    { name = "anyio" },
    { name = "certifi" },
    { name = "httpcore" },
    { name = "idna" },
]
sdist = { url = "https://files.pythonhosted.org/packages/b1/df/48c586a5fe32a0f01324ee087459e112ebb7224f646c0b5023f5e79e9956/httpx-0.28.1.tar.gz", hash = "sha256:75e98c5f16b0f35b567856f597f06ff2270a374470a5c2392242528e3e3e42fc", size = 141406, upload-time = "2024-12-06T15:37:23.222Z" }
wheels = [
    { url = "https://files.pythonhosted.org/packages/2a/39/e50c7c3a983047577ee07d2a9e53faf5a69493943ec3f6a384bdc792deb2/httpx-0.28.1-py3-none-any.whl", hash = "sha256:d909fcccc110f8c7faf814ca82a9a4d816bc5a6dbfea25d6591d6985b8ba59ad", size = 73517, upload-time = "2024-12-06T15:37:21.509Z" },
]

[[package]]
name = "idna"
version = "3.15"
source = { registry = "https://pypi.org/simple" }
sdist = { url = "https://files.pythonhosted.org/packages/82/77/7b3966d0b9d1d31a36ddf1746926a11dface89a83409bf1483f0237aa758/idna-3.15.tar.gz", hash = "sha256:ca962446ea538f7092a95e057da437618e886f4d349216d2b1e294abfdb65fdc", size = 199245, upload-time = "2026-05-12T22:45:57.011Z" }
wheels = [
    { url = "https://files.pythonhosted.org/packages/d2/23/408243171aa9aaba178d3e2559159c24c1171a641aa83b67bdd3394ead8e/idna-3.15-py3-none-any.whl", hash = "sha256:048adeaf8c2d788c40fee287673ccaa74c24ffd8dcf09ffa555a2fbb59f10ac8", size = 72340, upload-time = "2026-05-12T22:45:55.733Z" },
]

[[package]]
name = "langgraph-sdk"
version = "0.3.14"
source = { registry = "https://pypi.org/simple" }
dependencies = [
    { name = "httpx" },
    { name = "orjson" },
]
sdist = { url = "https://files.pythonhosted.org/packages/02/f1/134046c20bc4a4a15d410d1d21c9e298a3e9923777b4cc867b8669bc636b/langgraph_sdk-0.3.14.tar.gz", hash = "sha256:acd1674c538e97f3cdaa610f6dd7e34bc9bad30167f0ccc482dcd563325e81f5", size = 198162, upload-time = "2026-05-05T18:40:03.524Z" }
wheels = [
    { url = "https://files.pythonhosted.org/packages/34/96/1c9f9fbfe756ddd850a2585e7f1949d8ebb97fdaa7a5eff8f45ed1314670/langgraph_sdk-0.3.14-py3-none-any.whl", hash = "sha256:68935bf6f4924eda92617a9e5dfb4f4281197508c648cb9d62ff083907607f9d", size = 97028, upload-time = "2026-05-05T18:40:02.099Z" },
]

[[package]]
name = "orjson"
version = "3.11.9"
source = { registry = "https://pypi.org/simple" }
sdist = { url = "https://files.pythonhosted.org/packages/7e/0c/964746fcafbd16f8ff53219ad9f6b412b34f345c75f384ad434ceaadb538/orjson-3.11.9.tar.gz", hash = "sha256:4fef17e1f8722c11587a6ef18e35902450221da0028e65dbaaa543619e68e48f", size = 5599163, upload-time = "2026-05-06T15:11:08.309Z" }
wheels = [
    { url = "https://files.pythonhosted.org/packages/8e/eb/5da01e356015aee6ecfa1187ced87aef51364e306f5e695dd52719bf0e78/orjson-3.11.9-cp314-cp314-macosx_10_15_x86_64.macosx_11_0_arm64.macosx_10_15_universal2.whl", hash = "sha256:b6ef1979adc4bc243523f1a2ba91418030a8e29b0a99cbe7e0e2d6807d4dce6e", size = 228465, upload-time = "2026-05-06T15:10:44.097Z" },
    { url = "https://files.pythonhosted.org/packages/64/62/3e0e0c14c957133bcd855395c62b55ed4e3b0af23ffea11b032cb1dcbdb1/orjson-3.11.9-cp314-cp314-macosx_15_0_arm64.whl", hash = "sha256:f36b7f32c7c0db4a719f1fc5824db4a9c6f8bd1a354debb91faf26ebf3a4c71e", size = 128364, upload-time = "2026-05-06T15:10:45.839Z" },
    { url = "https://files.pythonhosted.org/packages/5a/5a/07d8aa117211a8ed7630bda80c8c0b14d04e0f8dcf99bcf49656e4a710eb/orjson-3.11.9-cp314-cp314-manylinux_2_17_aarch64.manylinux2014_aarch64.whl", hash = "sha256:08f4d8ebb44925c794e535b2bebc507cebf32209df81de22ae285fb0d8d66de0", size = 132063, upload-time = "2026-05-06T15:10:47.267Z" },
    { url = "https://files.pythonhosted.org/packages/d6/ec/4acaf21483e18aa945be74a474c74b434f284b549f275a0a39b9f98956e9/orjson-3.11.9-cp314-cp314-manylinux_2_17_armv7l.manylinux2014_armv7l.whl", hash = "sha256:6cc7923789694fd58f001cbcac7e47abc13af4d560ebbfcf3b41a8b1a0748124", size = 122356, upload-time = "2026-05-06T15:10:48.765Z" },
    { url = "https://files.pythonhosted.org/packages/13/d8/5f0555e7638801323b7a75850f92e7dfa891bc84fe27a1ba4449170d1200/orjson-3.11.9-cp314-cp314-manylinux_2_17_i686.manylinux2014_i686.whl", hash = "sha256:ea5c46eb2d3af39e806b986f4b09d5c2706a1f5afde3cbf7544ce6616127173c", size = 129592, upload-time = "2026-05-06T15:10:50.13Z" },
    { url = "https://files.pythonhosted.org/packages/b6/30/ed9860412a3603ceb3c5955bfd72d28b9d0e7ba6ed81add14f83d7114236/orjson-3.11.9-cp314-cp314-manylinux_2_17_ppc64le.manylinux2014_ppc64le.whl", hash = "sha256:f5d89a2ed90731df3be64bab0aa44f78bff39fdc9d71c291f4a8023aa46425b7", size = 140491, upload-time = "2026-05-06T15:10:51.582Z" },
    { url = "https://files.pythonhosted.org/packages/d0/17/adc514dea7ac7c505527febf884934b815d34f0c7b8693c1a8b39c5c4a57/orjson-3.11.9-cp314-cp314-manylinux_2_17_s390x.manylinux2014_s390x.whl", hash = "sha256:25e4aed0312d292c09f61af25bba34e0b2c88546041472b09088c39a4d828af1", size = 127309, upload-time = "2026-05-06T15:10:53.329Z" },
    { url = "https://files.pythonhosted.org/packages/76/3e/c0b690253f0b82d86e99949af13533363acfb5432ecb5d53dd5b3bce9c34/orjson-3.11.9-cp314-cp314-manylinux_2_17_x86_64.manylinux2014_x86_64.whl", hash = "sha256:aaea64f3f467d22e70eeed68bdccb3bc4f83f650446c4a03c59f2cba28a108db", size = 134030, upload-time = "2026-05-06T15:10:54.988Z" },
    { url = "https://files.pythonhosted.org/packages/c1/7a/bc82a0bb25e9faaf92dc4d9ef002732efc09737706af83e346788641d4a7/orjson-3.11.9-cp314-cp314-musllinux_1_2_aarch64.whl", hash = "sha256:a028425d1b440c5d92a6be1e1a020739dfe67ea87d96c6dbe828c1b30041728b", size = 141482, upload-time = "2026-05-06T15:10:56.663Z" },
    { url = "https://files.pythonhosted.org/packages/01/55/e69188b939f77d5d32a9833745ace31ea5ccae3ab613a1ec185d3cd2c4fb/orjson-3.11.9-cp314-cp314-musllinux_1_2_armv7l.whl", hash = "sha256:5b192c6cf397e4455b11523c5cf2b18ed084c1bbd61b6c0926344d2129481972", size = 415178, upload-time = "2026-05-06T15:10:58.446Z" },
    { url = "https://files.pythonhosted.org/packages/2e/1a/b8a5a7ac527e80b9cb11d51e3f6689b709279183264b9ec5c7bc680bb8b5/orjson-3.11.9-cp314-cp314-musllinux_1_2_i686.whl", hash = "sha256:ea407d4ccf5891d667d045fecae97a7a1e5e87b3b97f97ae1803c2e741130be0", size = 148089, upload-time = "2026-05-06T15:11:00.441Z" },
    { url = "https://files.pythonhosted.org/packages/97/4e/00503f64204bf859b37213a63927028f30fb6268cd8677fb0a5ad48155e1/orjson-3.11.9-cp314-cp314-musllinux_1_2_x86_64.whl", hash = "sha256:5f63aaf97afd9f6dec5b1a68e1b8da12bfccb4cb9a9a65c3e0b6c847849e7586", size = 136921, upload-time = "2026-05-06T15:11:02.176Z" },
    { url = "https://files.pythonhosted.org/packages/0d/ba/a23b82a0a8d0ed7bed4e5f5035aae751cad4ff6a1e8d2ecd14d8860f5929/orjson-3.11.9-cp314-cp314-win32.whl", hash = "sha256:e30ab17845bb9fa54ccf67fa4f9f5282652d54faa6d17452f47d0f369d038673", size = 131638, upload-time = "2026-05-06T15:11:03.696Z" },
    { url = "https://files.pythonhosted.org/packages/f3/c3/0c6798456bade745c75c452342dabacce5798196483e77e643be1f53877d/orjson-3.11.9-cp314-cp314-win_amd64.whl", hash = "sha256:32ef5f4283a3be81913947d19608eacb7c6608026851123790cd9cc8982af34b", size = 127078, upload-time = "2026-05-06T15:11:05.123Z" },
    { url = "https://files.pythonhosted.org/packages/16/21/5a3f1e8913103b703a436a5664238e5b965ec392b555fe68943ea3691e6b/orjson-3.11.9-cp314-cp314-win_arm64.whl", hash = "sha256:eebdbdeef0094e4f5aefa20dcd4eb2368ab5e7a3b4edea27f1e7b2892e009cf9", size = 126687, upload-time = "2026-05-06T15:11:06.602Z" },
]

[[package]]
name = "python-dotenv"
version = "1.2.2"
source = { registry = "https://pypi.org/simple" }
sdist = { url = "https://files.pythonhosted.org/packages/82/ed/0301aeeac3e5353ef3d94b6ec08bbcabd04a72018415dcb29e588514bba8/python_dotenv-1.2.2.tar.gz", hash = "sha256:2c371a91fbd7ba082c2c1dc1f8bf89ca22564a087c2c287cd9b662adde799cf3", size = 50135, upload-time = "2026-03-01T16:00:26.196Z" }
wheels = [
    { url = "https://files.pythonhosted.org/packages/0b/d7/1959b9648791274998a9c3526f6d0ec8fd2233e4d4acce81bbae76b44b2a/python_dotenv-1.2.2-py3-none-any.whl", hash = "sha256:1d8214789a24de455a8b8bd8ae6fe3c6b69a5e3d64aa8a8e5d68e694bbcb285a", size = 22101, upload-time = "2026-03-01T16:00:25.09Z" },
]
